// !$*UTF8*$!
{
	archiveVersion = 1;
	classes = {
	};
	objectVersion = 46;
	objects = {

/* Begin PBXBuildFile section */
		AF33353019D4EF1B004BC678 /* CreateTeamTableViewController.swift in Sources */ = {isa = PBXBuildFile; fileRef = AF33352F19D4EF1B004BC678 /* CreateTeamTableViewController.swift */; };
		AF34623B19DCDCD10063E782 /* RosterStore.swift in Sources */ = {isa = PBXBuildFile; fileRef = AF34623A19DCDCD10063E782 /* RosterStore.swift */; };
		AF34623D19DD871A0063E782 /* PlayerSelectTableViewCell.swift in Sources */ = {isa = PBXBuildFile; fileRef = AF34623C19DD871A0063E782 /* PlayerSelectTableViewCell.swift */; };
		AF370B3B19D25AAE00E87F76 /* AddTaskViewController.swift in Sources */ = {isa = PBXBuildFile; fileRef = AF370B3A19D25AAE00E87F76 /* AddTaskViewController.swift */; };
		AF41D2F219D36DC7004BC771 /* Player.swift in Sources */ = {isa = PBXBuildFile; fileRef = AF41D2F119D36DC6004BC771 /* Player.swift */; };
		AF41D2F419D36E59004BC771 /* Statistics.swift in Sources */ = {isa = PBXBuildFile; fileRef = AF41D2F319D36E59004BC771 /* Statistics.swift */; };
		AF41D2F619D39465004BC771 /* CSV.swift in Sources */ = {isa = PBXBuildFile; fileRef = AF41D2F519D39465004BC771 /* CSV.swift */; };
		AF41D2FA19D39927004BC771 /* hitters.csv in Resources */ = {isa = PBXBuildFile; fileRef = AF41D2F919D39927004BC771 /* hitters.csv */; };
		AF4DA98119D0EDA500E8EF30 /* AppDelegate.swift in Sources */ = {isa = PBXBuildFile; fileRef = AF4DA98019D0EDA500E8EF30 /* AppDelegate.swift */; };
		AF4DA98319D0EDA500E8EF30 /* MasterViewController.swift in Sources */ = {isa = PBXBuildFile; fileRef = AF4DA98219D0EDA500E8EF30 /* MasterViewController.swift */; };
		AF4DA98519D0EDA500E8EF30 /* DetailViewController.swift in Sources */ = {isa = PBXBuildFile; fileRef = AF4DA98419D0EDA500E8EF30 /* DetailViewController.swift */; };
		AF4DA98819D0EDA500E8EF30 /* Main.storyboard in Resources */ = {isa = PBXBuildFile; fileRef = AF4DA98619D0EDA500E8EF30 /* Main.storyboard */; };
		AF4DA98A19D0EDA500E8EF30 /* Images.xcassets in Resources */ = {isa = PBXBuildFile; fileRef = AF4DA98919D0EDA500E8EF30 /* Images.xcassets */; };
		AF4DA98D19D0EDA500E8EF30 /* LaunchScreen.xib in Resources */ = {isa = PBXBuildFile; fileRef = AF4DA98B19D0EDA500E8EF30 /* LaunchScreen.xib */; };
		AF4DA99919D0EDA500E8EF30 /* Todo3_0Tests.swift in Sources */ = {isa = PBXBuildFile; fileRef = AF4DA99819D0EDA500E8EF30 /* Todo3_0Tests.swift */; };
		AFCEBFC819D0F5BE001C82FC /* DismissSegue.swift in Sources */ = {isa = PBXBuildFile; fileRef = AFCEBFC719D0F5BE001C82FC /* DismissSegue.swift */; };
		AFCEBFCA19D0F918001C82FC /* Task.swift in Sources */ = {isa = PBXBuildFile; fileRef = AFCEBFC919D0F918001C82FC /* Task.swift */; };
		AFCEBFCC19D0F9D0001C82FC /* TaskStore.swift in Sources */ = {isa = PBXBuildFile; fileRef = AFCEBFCB19D0F9D0001C82FC /* TaskStore.swift */; };
/* End PBXBuildFile section */

/* Begin PBXContainerItemProxy section */
		AF4DA99319D0EDA500E8EF30 /* PBXContainerItemProxy */ = {
			isa = PBXContainerItemProxy;
			containerPortal = AF4DA97319D0EDA500E8EF30 /* Project object */;
			proxyType = 1;
			remoteGlobalIDString = AF4DA97A19D0EDA500E8EF30;
			remoteInfo = Todo3.0;
		};
/* End PBXContainerItemProxy section */

/* Begin PBXFileReference section */
		AF33352F19D4EF1B004BC678 /* CreateTeamTableViewController.swift */ = {isa = PBXFileReference; fileEncoding = 4; lastKnownFileType = sourcecode.swift; path = CreateTeamTableViewController.swift; sourceTree = "<group>"; };
		AF34623A19DCDCD10063E782 /* RosterStore.swift */ = {isa = PBXFileReference; fileEncoding = 4; lastKnownFileType = sourcecode.swift; path = RosterStore.swift; sourceTree = "<group>"; };
		AF34623C19DD871A0063E782 /* PlayerSelectTableViewCell.swift */ = {isa = PBXFileReference; fileEncoding = 4; lastKnownFileType = sourcecode.swift; path = PlayerSelectTableViewCell.swift; sourceTree = "<group>"; };
		AF370B3A19D25AAE00E87F76 /* AddTaskViewController.swift */ = {isa = PBXFileReference; fileEncoding = 4; lastKnownFileType = sourcecode.swift; path = AddTaskViewController.swift; sourceTree = "<group>"; };
		AF41D2F119D36DC6004BC771 /* Player.swift */ = {isa = PBXFileReference; fileEncoding = 4; lastKnownFileType = sourcecode.swift; path = Player.swift; sourceTree = "<group>"; };
		AF41D2F319D36E59004BC771 /* Statistics.swift */ = {isa = PBXFileReference; fileEncoding = 4; lastKnownFileType = sourcecode.swift; path = Statistics.swift; sourceTree = "<group>"; };
		AF41D2F519D39465004BC771 /* CSV.swift */ = {isa = PBXFileReference; fileEncoding = 4; lastKnownFileType = sourcecode.swift; path = CSV.swift; sourceTree = "<group>"; };
		AF41D2F919D39927004BC771 /* hitters.csv */ = {isa = PBXFileReference; fileEncoding = 4; lastKnownFileType = text; path = hitters.csv; sourceTree = "<group>"; };
		AF4DA97B19D0EDA500E8EF30 /* Todo3.0.app */ = {isa = PBXFileReference; explicitFileType = wrapper.application; includeInIndex = 0; path = Todo3.0.app; sourceTree = BUILT_PRODUCTS_DIR; };
		AF4DA97F19D0EDA500E8EF30 /* Info.plist */ = {isa = PBXFileReference; lastKnownFileType = text.plist.xml; path = Info.plist; sourceTree = "<group>"; };
		AF4DA98019D0EDA500E8EF30 /* AppDelegate.swift */ = {isa = PBXFileReference; lastKnownFileType = sourcecode.swift; path = AppDelegate.swift; sourceTree = "<group>"; };
		AF4DA98219D0EDA500E8EF30 /* MasterViewController.swift */ = {isa = PBXFileReference; lastKnownFileType = sourcecode.swift; path = MasterViewController.swift; sourceTree = "<group>"; };
		AF4DA98419D0EDA500E8EF30 /* DetailViewController.swift */ = {isa = PBXFileReference; lastKnownFileType = sourcecode.swift; path = DetailViewController.swift; sourceTree = "<group>"; };
		AF4DA98719D0EDA500E8EF30 /* Base */ = {isa = PBXFileReference; lastKnownFileType = file.storyboard; name = Base; path = Base.lproj/Main.storyboard; sourceTree = "<group>"; };
		AF4DA98919D0EDA500E8EF30 /* Images.xcassets */ = {isa = PBXFileReference; lastKnownFileType = folder.assetcatalog; path = Images.xcassets; sourceTree = "<group>"; };
		AF4DA98C19D0EDA500E8EF30 /* Base */ = {isa = PBXFileReference; lastKnownFileType = file.xib; name = Base; path = Base.lproj/LaunchScreen.xib; sourceTree = "<group>"; };
		AF4DA99219D0EDA500E8EF30 /* Todo3.0Tests.xctest */ = {isa = PBXFileReference; explicitFileType = wrapper.cfbundle; includeInIndex = 0; path = Todo3.0Tests.xctest; sourceTree = BUILT_PRODUCTS_DIR; };
		AF4DA99719D0EDA500E8EF30 /* Info.plist */ = {isa = PBXFileReference; lastKnownFileType = text.plist.xml; path = Info.plist; sourceTree = "<group>"; };
		AF4DA99819D0EDA500E8EF30 /* Todo3_0Tests.swift */ = {isa = PBXFileReference; lastKnownFileType = sourcecode.swift; path = Todo3_0Tests.swift; sourceTree = "<group>"; };
		AFCEBFC719D0F5BE001C82FC /* DismissSegue.swift */ = {isa = PBXFileReference; fileEncoding = 4; lastKnownFileType = sourcecode.swift; path = DismissSegue.swift; sourceTree = "<group>"; };
		AFCEBFC919D0F918001C82FC /* Task.swift */ = {isa = PBXFileReference; fileEncoding = 4; lastKnownFileType = sourcecode.swift; path = Task.swift; sourceTree = "<group>"; };
		AFCEBFCB19D0F9D0001C82FC /* TaskStore.swift */ = {isa = PBXFileReference; fileEncoding = 4; lastKnownFileType = sourcecode.swift; path = TaskStore.swift; sourceTree = "<group>"; };
/* End PBXFileReference section */

/* Begin PBXFrameworksBuildPhase section */
		AF4DA97819D0EDA500E8EF30 /* Frameworks */ = {
			isa = PBXFrameworksBuildPhase;
			buildActionMask = 2147483647;
			files = (
			);
			runOnlyForDeploymentPostprocessing = 0;
		};
		AF4DA98F19D0EDA500E8EF30 /* Frameworks */ = {
			isa = PBXFrameworksBuildPhase;
			buildActionMask = 2147483647;
			files = (
			);
			runOnlyForDeploymentPostprocessing = 0;
		};
/* End PBXFrameworksBuildPhase section */

/* Begin PBXGroup section */
		AF4DA97219D0EDA500E8EF30 = {
			isa = PBXGroup;
			children = (
				AF4DA97D19D0EDA500E8EF30 /* Todo3.0 */,
				AF4DA99519D0EDA500E8EF30 /* Todo3.0Tests */,
				AF4DA97C19D0EDA500E8EF30 /* Products */,
			);
			sourceTree = "<group>";
		};
		AF4DA97C19D0EDA500E8EF30 /* Products */ = {
			isa = PBXGroup;
			children = (
				AF4DA97B19D0EDA500E8EF30 /* Todo3.0.app */,
				AF4DA99219D0EDA500E8EF30 /* Todo3.0Tests.xctest */,
			);
			name = Products;
			sourceTree = "<group>";
		};
		AF4DA97D19D0EDA500E8EF30 /* Todo3.0 */ = {
			isa = PBXGroup;
			children = (
				AF4DA98019D0EDA500E8EF30 /* AppDelegate.swift */,
				AF4DA98219D0EDA500E8EF30 /* MasterViewController.swift */,
				AF4DA98419D0EDA500E8EF30 /* DetailViewController.swift */,
				AF4DA98619D0EDA500E8EF30 /* Main.storyboard */,
				AF34623C19DD871A0063E782 /* PlayerSelectTableViewCell.swift */,
				AF33352F19D4EF1B004BC678 /* CreateTeamTableViewController.swift */,
				AF370B3A19D25AAE00E87F76 /* AddTaskViewController.swift */,
				AFCEBFC919D0F918001C82FC /* Task.swift */,
				AFCEBFCB19D0F9D0001C82FC /* TaskStore.swift */,
				AF34623A19DCDCD10063E782 /* RosterStore.swift */,
				AFCEBFC719D0F5BE001C82FC /* DismissSegue.swift */,
				AF4DA98919D0EDA500E8EF30 /* Images.xcassets */,
				AF4DA98B19D0EDA500E8EF30 /* LaunchScreen.xib */,
				AF41D2F919D39927004BC771 /* hitters.csv */,
				AF4DA97E19D0EDA500E8EF30 /* Supporting Files */,
				AF41D2F119D36DC6004BC771 /* Player.swift */,
				AF41D2F319D36E59004BC771 /* Statistics.swift */,
				AF41D2F519D39465004BC771 /* CSV.swift */,
			);
			path = Todo3.0;
			sourceTree = "<group>";
		};
		AF4DA97E19D0EDA500E8EF30 /* Supporting Files */ = {
			isa = PBXGroup;
			children = (
				AF4DA97F19D0EDA500E8EF30 /* Info.plist */,
			);
			name = "Supporting Files";
			sourceTree = "<group>";
		};
		AF4DA99519D0EDA500E8EF30 /* Todo3.0Tests */ = {
			isa = PBXGroup;
			children = (
				AF4DA99819D0EDA500E8EF30 /* Todo3_0Tests.swift */,
				AF4DA99619D0EDA500E8EF30 /* Supporting Files */,
			);
			path = Todo3.0Tests;
			sourceTree = "<group>";
		};
		AF4DA99619D0EDA500E8EF30 /* Supporting Files */ = {
			isa = PBXGroup;
			children = (
				AF4DA99719D0EDA500E8EF30 /* Info.plist */,
			);
			name = "Supporting Files";
			sourceTree = "<group>";
		};
/* End PBXGroup section */

/* Begin PBXNativeTarget section */
		AF4DA97A19D0EDA500E8EF30 /* Todo3.0 */ = {
			isa = PBXNativeTarget;
			buildConfigurationList = AF4DA99C19D0EDA500E8EF30 /* Build configuration list for PBXNativeTarget "Todo3.0" */;
			buildPhases = (
				AF4DA97719D0EDA500E8EF30 /* Sources */,
				AF4DA97819D0EDA500E8EF30 /* Frameworks */,
				AF4DA97919D0EDA500E8EF30 /* Resources */,
			);
			buildRules = (
			);
			dependencies = (
			);
			name = Todo3.0;
			productName = Todo3.0;
			productReference = AF4DA97B19D0EDA500E8EF30 /* Todo3.0.app */;
			productType = "com.apple.product-type.application";
		};
		AF4DA99119D0EDA500E8EF30 /* Todo3.0Tests */ = {
			isa = PBXNativeTarget;
			buildConfigurationList = AF4DA99F19D0EDA500E8EF30 /* Build configuration list for PBXNativeTarget "Todo3.0Tests" */;
			buildPhases = (
				AF4DA98E19D0EDA500E8EF30 /* Sources */,
				AF4DA98F19D0EDA500E8EF30 /* Frameworks */,
				AF4DA99019D0EDA500E8EF30 /* Resources */,
			);
			buildRules = (
			);
			dependencies = (
				AF4DA99419D0EDA500E8EF30 /* PBXTargetDependency */,
			);
			name = Todo3.0Tests;
			productName = Todo3.0Tests;
			productReference = AF4DA99219D0EDA500E8EF30 /* Todo3.0Tests.xctest */;
			productType = "com.apple.product-type.bundle.unit-test";
		};
/* End PBXNativeTarget section */

/* Begin PBXProject section */
		AF4DA97319D0EDA500E8EF30 /* Project object */ = {
			isa = PBXProject;
			attributes = {
				LastUpgradeCheck = 0600;
				ORGANIZATIONNAME = "CJK Webdesign";
				TargetAttributes = {
					AF4DA97A19D0EDA500E8EF30 = {
						CreatedOnToolsVersion = 6.0.1;
					};
					AF4DA99119D0EDA500E8EF30 = {
						CreatedOnToolsVersion = 6.0.1;
						TestTargetID = AF4DA97A19D0EDA500E8EF30;
					};
				};
			};
			buildConfigurationList = AF4DA97619D0EDA500E8EF30 /* Build configuration list for PBXProject "Todo3.0" */;
			compatibilityVersion = "Xcode 3.2";
			developmentRegion = English;
			hasScannedForEncodings = 0;
			knownRegions = (
				en,
				Base,
			);
			mainGroup = AF4DA97219D0EDA500E8EF30;
			productRefGroup = AF4DA97C19D0EDA500E8EF30 /* Products */;
			projectDirPath = "";
			projectRoot = "";
			targets = (
				AF4DA97A19D0EDA500E8EF30 /* Todo3.0 */,
				AF4DA99119D0EDA500E8EF30 /* Todo3.0Tests */,
			);
		};
/* End PBXProject section */

/* Begin PBXResourcesBuildPhase section */
		AF4DA97919D0EDA500E8EF30 /* Resources */ = {
			isa = PBXResourcesBuildPhase;
			buildActionMask = 2147483647;
			files = (
				AF41D2FA19D39927004BC771 /* hitters.csv in Resources */,
				AF4DA98819D0EDA500E8EF30 /* Main.storyboard in Resources */,
				AF4DA98D19D0EDA500E8EF30 /* LaunchScreen.xib in Resources */,
				AF4DA98A19D0EDA500E8EF30 /* Images.xcassets in Resources */,
			);
			runOnlyForDeploymentPostprocessing = 0;
		};
		AF4DA99019D0EDA500E8EF30 /* Resources */ = {
			isa = PBXResourcesBuildPhase;
			buildActionMask = 2147483647;
			files = (
			);
			runOnlyForDeploymentPostprocessing = 0;
		};
/* End PBXResourcesBuildPhase section */

/* Begin PBXSourcesBuildPhase section */
		AF4DA97719D0EDA500E8EF30 /* Sources */ = {
			isa = PBXSourcesBuildPhase;
			buildActionMask = 2147483647;
			files = (
				AF4DA98519D0EDA500E8EF30 /* DetailViewController.swift in Sources */,
				AF41D2F419D36E59004BC771 /* Statistics.swift in Sources */,
				AF41D2F619D39465004BC771 /* CSV.swift in Sources */,
				AFCEBFC819D0F5BE001C82FC /* DismissSegue.swift in Sources */,
				AF34623D19DD871A0063E782 /* PlayerSelectTableViewCell.swift in Sources */,
				AF34623B19DCDCD10063E782 /* RosterStore.swift in Sources */,
				AF4DA98319D0EDA500E8EF30 /* MasterViewController.swift in Sources */,
				AF33353019D4EF1B004BC678 /* CreateTeamTableViewController.swift in Sources */,
				AFCEBFCA19D0F918001C82FC /* Task.swift in Sources */,
				AF41D2F219D36DC7004BC771 /* Player.swift in Sources */,
				AF4DA98119D0EDA500E8EF30 /* AppDelegate.swift in Sources */,
				AFCEBFCC19D0F9D0001C82FC /* TaskStore.swift in Sources */,
				AF370B3B19D25AAE00E87F76 /* AddTaskViewController.swift in Sources */,
			);
			runOnlyForDeploymentPostprocessing = 0;
		};
		AF4DA98E19D0EDA500E8EF30 /* Sources */ = {
			isa = PBXSourcesBuildPhase;
			buildActionMask = 2147483647;
			files = (
				AF4DA99919D0EDA500E8EF30 /* Todo3_0Tests.swift in Sources */,
			);
			runOnlyForDeploymentPostprocessing = 0;
		};
/* End PBXSourcesBuildPhase section */

/* Begin PBXTargetDependency section */
		AF4DA99419D0EDA500E8EF30 /* PBXTargetDependency */ = {
			isa = PBXTargetDependency;
			target = AF4DA97A19D0EDA500E8EF30 /* Todo3.0 */;
			targetProxy = AF4DA99319D0EDA500E8EF30 /* PBXContainerItemProxy */;
		};
/* End PBXTargetDependency section */

/* Begin PBXVariantGroup section */
		AF4DA98619D0EDA500E8EF30 /* Main.storyboard */ = {
			isa = PBXVariantGroup;
			children = (
				AF4DA98719D0EDA500E8EF30 /* Base */,
			);
			name = Main.storyboard;
			sourceTree = "<group>";
		};
		AF4DA98B19D0EDA500E8EF30 /* LaunchScreen.xib */ = {
			isa = PBXVariantGroup;
			children = (
				AF4DA98C19D0EDA500E8EF30 /* Base */,
			);
			name = LaunchScreen.xib;
			sourceTree = "<group>";
		};
/* End PBXVariantGroup section */

/* Begin XCBuildConfiguration section */
		AF4DA99A19D0EDA500E8EF30 /* Debug */ = {
			isa = XCBuildConfiguration;
			buildSettings = {
				ALWAYS_SEARCH_USER_PATHS = NO;
				CLANG_CXX_LANGUAGE_STANDARD = "gnu++0x";
				CLANG_CXX_LIBRARY = "libc++";
				CLANG_ENABLE_MODULES = YES;
				CLANG_ENABLE_OBJC_ARC = YES;
				CLANG_WARN_BOOL_CONVERSION = YES;
				CLANG_WARN_CONSTANT_CONVERSION = YES;
				CLANG_WARN_DIRECT_OBJC_ISA_USAGE = YES_ERROR;
				CLANG_WARN_EMPTY_BODY = YES;
				CLANG_WARN_ENUM_CONVERSION = YES;
				CLANG_WARN_INT_CONVERSION = YES;
				CLANG_WARN_OBJC_ROOT_CLASS = YES_ERROR;
				CLANG_WARN_UNREACHABLE_CODE = YES;
				CLANG_WARN__DUPLICATE_METHOD_MATCH = YES;
				"CODE_SIGN_IDENTITY[sdk=iphoneos*]" = "iPhone Developer";
				COPY_PHASE_STRIP = NO;
				ENABLE_STRICT_OBJC_MSGSEND = YES;
				GCC_C_LANGUAGE_STANDARD = gnu99;
				GCC_DYNAMIC_NO_PIC = NO;
				GCC_OPTIMIZATION_LEVEL = 0;
				GCC_PREPROCESSOR_DEFINITIONS = (
					"DEBUG=1",
					"$(inherited)",
				);
				GCC_SYMBOLS_PRIVATE_EXTERN = NO;
				GCC_WARN_64_TO_32_BIT_CONVERSION = YES;
				GCC_WARN_ABOUT_RETURN_TYPE = YES_ERROR;
				GCC_WARN_UNDECLARED_SELECTOR = YES;
				GCC_WARN_UNINITIALIZED_AUTOS = YES_AGGRESSIVE;
				GCC_WARN_UNUSED_FUNCTION = YES;
				GCC_WARN_UNUSED_VARIABLE = YES;
				IPHONEOS_DEPLOYMENT_TARGET = 8.0;
				MTL_ENABLE_DEBUG_INFO = YES;
				ONLY_ACTIVE_ARCH = YES;
				SDKROOT = iphoneos;
				SWIFT_OPTIMIZATION_LEVEL = "-Onone";
			};
			name = Debug;
		};
		AF4DA99B19D0EDA500E8EF30 /* Release */ = {
			isa = XCBuildConfiguration;
			buildSettings = {
				ALWAYS_SEARCH_USER_PATHS = NO;
				CLANG_CXX_LANGUAGE_STANDARD = "gnu++0x";
				CLANG_CXX_LIBRARY = "libc++";
				CLANG_ENABLE_MODULES = YES;
				CLANG_ENABLE_OBJC_ARC = YES;
				CLANG_WARN_BOOL_CONVERSION = YES;
				CLANG_WARN_CONSTANT_CONVERSION = YES;
				CLANG_WARN_DIRECT_OBJC_ISA_USAGE = YES_ERROR;
				CLANG_WARN_EMPTY_BODY = YES;
				CLANG_WARN_ENUM_CONVERSION = YES;
				CLANG_WARN_INT_CONVERSION = YES;
				CLANG_WARN_OBJC_ROOT_CLASS = YES_ERROR;
				CLANG_WARN_UNREACHABLE_CODE = YES;
				CLANG_WARN__DUPLICATE_METHOD_MATCH = YES;
				"CODE_SIGN_IDENTITY[sdk=iphoneos*]" = "iPhone Developer";
				COPY_PHASE_STRIP = YES;
				ENABLE_NS_ASSERTIONS = NO;
				ENABLE_STRICT_OBJC_MSGSEND = YES;
				GCC_C_LANGUAGE_STANDARD = gnu99;
				GCC_WARN_64_TO_32_BIT_CONVERSION = YES;
				GCC_WARN_ABOUT_RETURN_TYPE = YES_ERROR;
				GCC_WARN_UNDECLARED_SELECTOR = YES;
				GCC_WARN_UNINITIALIZED_AUTOS = YES_AGGRESSIVE;
				GCC_WARN_UNUSED_FUNCTION = YES;
				GCC_WARN_UNUSED_VARIABLE = YES;
				IPHONEOS_DEPLOYMENT_TARGET = 8.0;
				MTL_ENABLE_DEBUG_INFO = NO;
				SDKROOT = iphoneos;
				VALIDATE_PRODUCT = YES;
			};
			name = Release;
		};
		AF4DA99D19D0EDA500E8EF30 /* Debug */ = {
			isa = XCBuildConfiguration;
			buildSettings = {
				ASSETCATALOG_COMPILER_APPICON_NAME = AppIcon;
				INFOPLIST_FILE = Todo3.0/Info.plist;
				LD_RUNPATH_SEARCH_PATHS = "$(inherited) @executable_path/Frameworks";
				PRODUCT_NAME = "$(TARGET_NAME)";
			};
			name = Debug;
		};
		AF4DA99E19D0EDA500E8EF30 /* Release */ = {
			isa = XCBuildConfiguration;
			buildSettings = {
				ASSETCATALOG_COMPILER_APPICON_NAME = AppIcon;
				INFOPLIST_FILE = Todo3.0/Info.plist;
				LD_RUNPATH_SEARCH_PATHS = "$(inherited) @executable_path/Frameworks";
				PRODUCT_NAME = "$(TARGET_NAME)";
			};
			name = Release;
		};
		AF4DA9A019D0EDA500E8EF30 /* Debug */ = {
			isa = XCBuildConfiguration;
			buildSettings = {
				BUNDLE_LOADER = "$(TEST_HOST)";
				FRAMEWORK_SEARCH_PATHS = (
					"$(SDKROOT)/Developer/Library/Frameworks",
					"$(inherited)",
				);
				GCC_PREPROCESSOR_DEFINITIONS = (
					"DEBUG=1",
					"$(inherited)",
				);
				INFOPLIST_FILE = Todo3.0Tests/Info.plist;
				LD_RUNPATH_SEARCH_PATHS = "$(inherited) @executable_path/Frameworks @loader_path/Frameworks";
				PRODUCT_NAME = "$(TARGET_NAME)";
				TEST_HOST = "$(BUILT_PRODUCTS_DIR)/Todo3.0.app/Todo3.0";
			};
			name = Debug;
		};
		AF4DA9A119D0EDA500E8EF30 /* Release */ = {
			isa = XCBuildConfiguration;
			buildSettings = {
				BUNDLE_LOADER = "$(TEST_HOST)";
				FRAMEWORK_SEARCH_PATHS = (
					"$(SDKROOT)/Developer/Library/Frameworks",
					"$(inherited)",
				);
				INFOPLIST_FILE = Todo3.0Tests/Info.plist;
				LD_RUNPATH_SEARCH_PATHS = "$(inherited) @executable_path/Frameworks @loader_path/Frameworks";
				PRODUCT_NAME = "$(TARGET_NAME)";
				TEST_HOST = "$(BUILT_PRODUCTS_DIR)/Todo3.0.app/Todo3.0";
			};
			name = Release;
		};
/* End XCBuildConfiguration section */

/* Begin XCConfigurationList section */
		AF4DA97619D0EDA500E8EF30 /* Build configuration list for PBXProject "Todo3.0" */ = {
			isa = XCConfigurationList;
			buildConfigurations = (
				AF4DA99A19D0EDA500E8EF30 /* Debug */,
				AF4DA99B19D0EDA500E8EF30 /* Release */,
			);
			defaultConfigurationIsVisible = 0;
			defaultConfigurationName = Release;
		};
		AF4DA99C19D0EDA500E8EF30 /* Build configuration list for PBXNativeTarget "Todo3.0" */ = {
			isa = XCConfigurationList;
			buildConfigurations = (
				AF4DA99D19D0EDA500E8EF30 /* Debug */,
				AF4DA99E19D0EDA500E8EF30 /* Release */,
			);
			defaultConfigurationIsVisible = 0;
			defaultConfigurationName = Release;
		};
		AF4DA99F19D0EDA500E8EF30 /* Build configuration list for PBXNativeTarget "Todo3.0Tests" */ = {
			isa = XCConfigurationList;
			buildConfigurations = (
				AF4DA9A019D0EDA500E8EF30 /* Debug */,
				AF4DA9A119D0EDA500E8EF30 /* Release */,
			);
			defaultConfigurationIsVisible = 0;
			defaultConfigurationName = Release;
		};
/* End XCConfigurationList section */
	};
	rootObject = AF4DA97319D0EDA500E8EF30 /* Project object */;
}
